// !$*UTF8*$!
{
	archiveVersion = 1;
	classes = {
	};
	objectVersion = 50;
	objects = {

/* Begin PBXBuildFile section */
		A9568FA824BACC4D00904A89 /* AppDelegate.swift in Sources */ = {isa = PBXBuildFile; fileRef = A9568FA724BACC4D00904A89 /* AppDelegate.swift */; };
		A9568FAA24BACC4D00904A89 /* SceneDelegate.swift in Sources */ = {isa = PBXBuildFile; fileRef = A9568FA924BACC4D00904A89 /* SceneDelegate.swift */; };
		A9568FAC24BACC4D00904A89 /* ViewController.swift in Sources */ = {isa = PBXBuildFile; fileRef = A9568FAB24BACC4D00904A89 /* ViewController.swift */; };
		A9568FAF24BACC4D00904A89 /* Main.storyboard in Resources */ = {isa = PBXBuildFile; fileRef = A9568FAD24BACC4D00904A89 /* Main.storyboard */; };
		A9568FB124BACC4F00904A89 /* Assets.xcassets in Resources */ = {isa = PBXBuildFile; fileRef = A9568FB024BACC4F00904A89 /* Assets.xcassets */; };
		A9568FB424BACC4F00904A89 /* LaunchScreen.storyboard in Resources */ = {isa = PBXBuildFile; fileRef = A9568FB224BACC4F00904A89 /* LaunchScreen.storyboard */; };
		A9568FBC24BACC9C00904A89 /* ImageViewController.swift in Sources */ = {isa = PBXBuildFile; fileRef = A9568FBB24BACC9C00904A89 /* ImageViewController.swift */; };
		A9568FBE24BACCAF00904A89 /* MapViewController.swift in Sources */ = {isa = PBXBuildFile; fileRef = A9568FBD24BACCAF00904A89 /* MapViewController.swift */; };
		A9C4F64824BB079E00556018 /* PickerViewController.swift in Sources */ = {isa = PBXBuildFile; fileRef = A9C4F64724BB079D00556018 /* PickerViewController.swift */; };
/* End PBXBuildFile section */

/* Begin PBXFileReference section */
		A9568FA424BACC4D00904A89 /* TabChallenge.app */ = {isa = PBXFileReference; explicitFileType = wrapper.application; includeInIndex = 0; path = TabChallenge.app; sourceTree = BUILT_PRODUCTS_DIR; };
		A9568FA724BACC4D00904A89 /* AppDelegate.swift */ = {isa = PBXFileReference; lastKnownFileType = sourcecode.swift; path = AppDelegate.swift; sourceTree = "<group>"; };
		A9568FA924BACC4D00904A89 /* SceneDelegate.swift */ = {isa = PBXFileReference; lastKnownFileType = sourcecode.swift; path = SceneDelegate.swift; sourceTree = "<group>"; };
		A9568FAB24BACC4D00904A89 /* ViewController.swift */ = {isa = PBXFileReference; lastKnownFileType = sourcecode.swift; path = ViewController.swift; sourceTree = "<group>"; };
		A9568FAE24BACC4D00904A89 /* Base */ = {isa = PBXFileReference; lastKnownFileType = file.storyboard; name = Base; path = Base.lproj/Main.storyboard; sourceTree = "<group>"; };
		A9568FB024BACC4F00904A89 /* Assets.xcassets */ = {isa = PBXFileReference; lastKnownFileType = folder.assetcatalog; path = Assets.xcassets; sourceTree = "<group>"; };
		A9568FB324BACC4F00904A89 /* Base */ = {isa = PBXFileReference; lastKnownFileType = file.storyboard; name = Base; path = Base.lproj/LaunchScreen.storyboard; sourceTree = "<group>"; };
		A9568FB524BACC4F00904A89 /* Info.plist */ = {isa = PBXFileReference; lastKnownFileType = text.plist.xml; path = Info.plist; sourceTree = "<group>"; };
		A9568FBB24BACC9C00904A89 /* ImageViewController.swift */ = {isa = PBXFileReference; lastKnownFileType = sourcecode.swift; path = ImageViewController.swift; sourceTree = "<group>"; };
		A9568FBD24BACCAF00904A89 /* MapViewController.swift */ = {isa = PBXFileReference; lastKnownFileType = sourcecode.swift; path = MapViewController.swift; sourceTree = "<group>"; };
		A9C4F64724BB079D00556018 /* PickerViewController.swift */ = {isa = PBXFileReference; lastKnownFileType = sourcecode.swift; path = PickerViewController.swift; sourceTree = "<group>"; };
/* End PBXFileReference section */

/* Begin PBXFrameworksBuildPhase section */
		A9568FA124BACC4D00904A89 /* Frameworks */ = {
			isa = PBXFrameworksBuildPhase;
			buildActionMask = 2147483647;
			files = (
			);
			runOnlyForDeploymentPostprocessing = 0;
		};
/* End PBXFrameworksBuildPhase section */

/* Begin PBXGroup section */
		A9568F9B24BACC4D00904A89 = {
			isa = PBXGroup;
			children = (
				A9568FA624BACC4D00904A89 /* TabChallenge */,
				A9568FA524BACC4D00904A89 /* Products */,
			);
			sourceTree = "<group>";
		};
		A9568FA524BACC4D00904A89 /* Products */ = {
			isa = PBXGroup;
			children = (
				A9568FA424BACC4D00904A89 /* TabChallenge.app */,
			);
			name = Products;
			sourceTree = "<group>";
		};
		A9568FA624BACC4D00904A89 /* TabChallenge */ = {
			isa = PBXGroup;
			children = (
				A9568FA724BACC4D00904A89 /* AppDelegate.swift */,
				A9568FA924BACC4D00904A89 /* SceneDelegate.swift */,
				A9568FAB24BACC4D00904A89 /* ViewController.swift */,
				A9568FAD24BACC4D00904A89 /* Main.storyboard */,
				A9568FB024BACC4F00904A89 /* Assets.xcassets */,
				A9568FB224BACC4F00904A89 /* LaunchScreen.storyboard */,
				A9568FB524BACC4F00904A89 /* Info.plist */,
				A9568FBB24BACC9C00904A89 /* ImageViewController.swift */,
				A9568FBD24BACCAF00904A89 /* MapViewController.swift */,
				A9C4F64724BB079D00556018 /* PickerViewController.swift */,
			);
			path = TabChallenge;
			sourceTree = "<group>";
		};
/* End PBXGroup section */

/* Begin PBXNativeTarget section */
		A9568FA324BACC4D00904A89 /* TabChallenge */ = {
			isa = PBXNativeTarget;
			buildConfigurationList = A9568FB824BACC4F00904A89 /* Build configuration list for PBXNativeTarget "TabChallenge" */;
			buildPhases = (
				A9568FA024BACC4D00904A89 /* Sources */,
				A9568FA124BACC4D00904A89 /* Frameworks */,
				A9568FA224BACC4D00904A89 /* Resources */,
			);
			buildRules = (
			);
			dependencies = (
			);
			name = TabChallenge;
			productName = TabChallenge;
			productReference = A9568FA424BACC4D00904A89 /* TabChallenge.app */;
			productType = "com.apple.product-type.application";
		};
/* End PBXNativeTarget section */

/* Begin PBXProject section */
		A9568F9C24BACC4D00904A89 /* Project object */ = {
			isa = PBXProject;
			attributes = {
				LastSwiftUpdateCheck = 1150;
				LastUpgradeCheck = 1150;
				ORGANIZATIONNAME = "Siyun Min";
				TargetAttributes = {
					A9568FA324BACC4D00904A89 = {
						CreatedOnToolsVersion = 11.5;
					};
				};
			};
			buildConfigurationList = A9568F9F24BACC4D00904A89 /* Build configuration list for PBXProject "TabChallenge" */;
			compatibilityVersion = "Xcode 9.3";
			developmentRegion = en;
			hasScannedForEncodings = 0;
			knownRegions = (
				en,
				Base,
			);
			mainGroup = A9568F9B24BACC4D00904A89;
			productRefGroup = A9568FA524BACC4D00904A89 /* Products */;
			projectDirPath = "";
			projectRoot = "";
			targets = (
				A9568FA324BACC4D00904A89 /* TabChallenge */,
			);
		};
/* End PBXProject section */

/* Begin PBXResourcesBuildPhase section */
		A9568FA224BACC4D00904A89 /* Resources */ = {
			isa = PBXResourcesBuildPhase;
			buildActionMask = 2147483647;
			files = (
				A9568FB424BACC4F00904A89 /* LaunchScreen.storyboard in Resources */,
				A9568FB124BACC4F00904A89 /* Assets.xcassets in Resources */,
				A9568FAF24BACC4D00904A89 /* Main.storyboard in Resources */,
			);
			runOnlyForDeploymentPostprocessing = 0;
		};
/* End PBXResourcesBuildPhase section */

/* Begin PBXSourcesBuildPhase section */
		A9568FA024BACC4D00904A89 /* Sources */ = {
			isa = PBXSourcesBuildPhase;
			buildActionMask = 2147483647;
			files = (
				A9C4F64824BB079E00556018 /* PickerViewController.swift in Sources */,
				A9568FAC24BACC4D00904A89 /* ViewController.swift in Sources */,
				A9568FA824BACC4D00904A89 /* AppDelegate.swift in Sources */,
				A9568FBC24BACC9C00904A89 /* ImageViewController.swift in Sources */,
				A9568FBE24BACCAF00904A89 /* MapViewController.swift in Sources */,
				A9568FAA24BACC4D00904A89 /* SceneDelegate.swift in Sources */,
			);
			runOnlyForDeploymentPostprocessing = 0;
		};
/* End PBXSourcesBuildPhase section */

/* Begin PBXVariantGroup section */
		A9568FAD24BACC4D00904A89 /* Main.storyboard */ = {
			isa = PBXVariantGroup;
			children = (
				A9568FAE24BACC4D00904A89 /* Base */,
			);
			name = Main.storyboard;
			sourceTree = "<group>";
		};
		A9568FB224BACC4F00904A89 /* LaunchScreen.storyboard */ = {
			isa = PBXVariantGroup;
			children = (
				A9568FB324BACC4F00904A89 /* Base */,
			);
			name = LaunchScreen.storyboard;
			sourceTree = "<group>";
		};
/* End PBXVariantGroup section */

/* Begin XCBuildConfiguration section */
		A9568FB624BACC4F00904A89 /* Debug */ = {
			isa = XCBuildConfiguration;
			buildSettings = {
				ALWAYS_SEARCH_USER_PATHS = NO;
				CLANG_ANALYZER_NONNULL = YES;
				CLANG_ANALYZER_NUMBER_OBJECT_CONVERSION = YES_AGGRESSIVE;
				CLANG_CXX_LANGUAGE_STANDARD = "gnu++14";
				CLANG_CXX_LIBRARY = "libc++";
				CLANG_ENABLE_MODULES = YES;
				CLANG_ENABLE_OBJC_ARC = YES;
				CLANG_ENABLE_OBJC_WEAK = YES;
				CLANG_WARN_BLOCK_CAPTURE_AUTORELEASING = YES;
				CLANG_WARN_BOOL_CONVERSION = YES;
				CLANG_WARN_COMMA = YES;
				CLANG_WARN_CONSTANT_CONVERSION = YES;
				CLANG_WARN_DEPRECATED_OBJC_IMPLEMENTATIONS = YES;
				CLANG_WARN_DIRECT_OBJC_ISA_USAGE = YES_ERROR;
				CLANG_WARN_DOCUMENTATION_COMMENTS = YES;
				CLANG_WARN_EMPTY_BODY = YES;
				CLANG_WARN_ENUM_CONVERSION = YES;
				CLANG_WARN_INFINITE_RECURSION = YES;
				CLANG_WARN_INT_CONVERSION = YES;
				CLANG_WARN_NON_LITERAL_NULL_CONVERSION = YES;
				CLANG_WARN_OBJC_IMPLICIT_RETAIN_SELF = YES;
				CLANG_WARN_OBJC_LITERAL_CONVERSION = YES;
				CLANG_WARN_OBJC_ROOT_CLASS = YES_ERROR;
				CLANG_WARN_RANGE_LOOP_ANALYSIS = YES;
				CLANG_WARN_STRICT_PROTOTYPES = YES;
				CLANG_WARN_SUSPICIOUS_MOVE = YES;
				CLANG_WARN_UNGUARDED_AVAILABILITY = YES_AGGRESSIVE;
				CLANG_WARN_UNREACHABLE_CODE = YES;
				CLANG_WARN__DUPLICATE_METHOD_MATCH = YES;
				COPY_PHASE_STRIP = NO;
				DEBUG_INFORMATION_FORMAT = dwarf;
				ENABLE_STRICT_OBJC_MSGSEND = YES;
				ENABLE_TESTABILITY = YES;
				GCC_C_LANGUAGE_STANDARD = gnu11;
				GCC_DYNAMIC_NO_PIC = NO;
				GCC_NO_COMMON_BLOCKS = YES;
				GCC_OPTIMIZATION_LEVEL = 0;
				GCC_PREPROCESSOR_DEFINITIONS = (
					"DEBUG=1",
					"$(inherited)",
				);
				GCC_WARN_64_TO_32_BIT_CONVERSION = YES;
				GCC_WARN_ABOUT_RETURN_TYPE = YES_ERROR;
				GCC_WARN_UNDECLARED_SELECTOR = YES;
				GCC_WARN_UNINITIALIZED_AUTOS = YES_AGGRESSIVE;
				GCC_WARN_UNUSED_FUNCTION = YES;
				GCC_WARN_UNUSED_VARIABLE = YES;
				IPHONEOS_DEPLOYMENT_TARGET = 13.5;
				MTL_ENABLE_DEBUG_INFO = INCLUDE_SOURCE;
				MTL_FAST_MATH = YES;
				ONLY_ACTIVE_ARCH = YES;
				SDKROOT = iphoneos;
				SWIFT_ACTIVE_COMPILATION_CONDITIONS = DEBUG;
				SWIFT_OPTIMIZATION_LEVEL = "-Onone";
			};
			name = Debug;
		};
		A9568FB724BACC4F00904A89 /* Release */ = {
			isa = XCBuildConfiguration;
			buildSettings = {
				ALWAYS_SEARCH_USER_PATHS = NO;
				CLANG_ANALYZER_NONNULL = YES;
				CLANG_ANALYZER_NUMBER_OBJECT_CONVERSION = YES_AGGRESSIVE;
				CLANG_CXX_LANGUAGE_STANDARD = "gnu++14";
				CLANG_CXX_LIBRARY = "libc++";
				CLANG_ENABLE_MODULES = YES;
				CLANG_ENABLE_OBJC_ARC = YES;
				CLANG_ENABLE_OBJC_WEAK = YES;
				CLANG_WARN_BLOCK_CAPTURE_AUTORELEASING = YES;
				CLANG_WARN_BOOL_CONVERSION = YES;
				CLANG_WARN_COMMA = YES;
				CLANG_WARN_CONSTANT_CONVERSION = YES;
				CLANG_WARN_DEPRECATED_OBJC_IMPLEMENTATIONS = YES;
				CLANG_WARN_DIRECT_OBJC_ISA_USAGE = YES_ERROR;
				CLANG_WARN_DOCUMENTATION_COMMENTS = YES;
				CLANG_WARN_EMPTY_BODY = YES;
				CLANG_WARN_ENUM_CONVERSION = YES;
				CLANG_WARN_INFINITE_RECURSION = YES;
				CLANG_WARN_INT_CONVERSION = YES;
				CLANG_WARN_NON_LITERAL_NULL_CONVERSION = YES;
				CLANG_WARN_OBJC_IMPLICIT_RETAIN_SELF = YES;
				CLANG_WARN_OBJC_LITERAL_CONVERSION = YES;
				CLANG_WARN_OBJC_ROOT_CLASS = YES_ERROR;
				CLANG_WARN_RANGE_LOOP_ANALYSIS = YES;
				CLANG_WARN_STRICT_PROTOTYPES = YES;
				CLANG_WARN_SUSPICIOUS_MOVE = YES;
				CLANG_WARN_UNGUARDED_AVAILABILITY = YES_AGGRESSIVE;
				CLANG_WARN_UNREACHABLE_CODE = YES;
				CLANG_WARN__DUPLICATE_METHOD_MATCH = YES;
				COPY_PHASE_STRIP = NO;
				DEBUG_INFORMATION_FORMAT = "dwarf-with-dsym";
				ENABLE_NS_ASSERTIONS = NO;
				ENABLE_STRICT_OBJC_MSGSEND = YES;
				GCC_C_LANGUAGE_STANDARD = gnu11;
				GCC_NO_COMMON_BLOCKS = YES;
				GCC_WARN_64_TO_32_BIT_CONVERSION = YES;
				GCC_WARN_ABOUT_RETURN_TYPE = YES_ERROR;
				GCC_WARN_UNDECLARED_SELECTOR = YES;
				GCC_WARN_UNINITIALIZED_AUTOS = YES_AGGRESSIVE;
				GCC_WARN_UNUSED_FUNCTION = YES;
				GCC_WARN_UNUSED_VARIABLE = YES;
				IPHONEOS_DEPLOYMENT_TARGET = 13.5;
				MTL_ENABLE_DEBUG_INFO = NO;
				MTL_FAST_MATH = YES;
				SDKROOT = iphoneos;
				SWIFT_COMPILATION_MODE = wholemodule;
				SWIFT_OPTIMIZATION_LEVEL = "-O";
				VALIDATE_PRODUCT = YES;
			};
			name = Release;
		};
		A9568FB924BACC4F00904A89 /* Debug */ = {
			isa = XCBuildConfiguration;
			buildSettings = {
				ASSETCATALOG_COMPILER_APPICON_NAME = AppIcon;
				CODE_SIGN_STYLE = Automatic;
				INFOPLIST_FILE = TabChallenge/Info.plist;
				LD_RUNPATH_SEARCH_PATHS = (
					"$(inherited)",
					"@executable_path/Frameworks",
				);
				PRODUCT_BUNDLE_IDENTIFIER = "siyun-min.TabChallenge";
				PRODUCT_NAME = "$(TARGET_NAME)";
				SWIFT_VERSION = 5.0;
				TARGETED_DEVICE_FAMILY = 1;
			};
			name = Debug;
		};
		A9568FBA24BACC4F00904A89 /* Release */ = {
			isa = XCBuildConfiguration;
			buildSettings = {
				ASSETCATALOG_COMPILER_APPICON_NAME = AppIcon;
				CODE_SIGN_STYLE = Automatic;
				INFOPLIST_FILE = TabChallenge/Info.plist;
				LD_RUNPATH_SEARCH_PATHS = (
					"$(inherited)",
					"@executable_path/Frameworks",
				);
				PRODUCT_BUNDLE_IDENTIFIER = "siyun-min.TabChallenge";
				PRODUCT_NAME = "$(TARGET_NAME)";
				SWIFT_VERSION = 5.0;
				TARGETED_DEVICE_FAMILY = 1;
			};
			name = Release;
		};
/* End XCBuildConfiguration section */

/* Begin XCConfigurationList section */
		A9568F9F24BACC4D00904A89 /* Build configuration list for PBXProject "TabChallenge" */ = {
			isa = XCConfigurationList;
			buildConfigurations = (
				A9568FB624BACC4F00904A89 /* Debug */,
				A9568FB724BACC4F00904A89 /* Release */,
			);
			defaultConfigurationIsVisible = 0;
			defaultConfigurationName = Release;
		};
		A9568FB824BACC4F00904A89 /* Build configuration list for PBXNativeTarget "TabChallenge" */ = {
			isa = XCConfigurationList;
			buildConfigurations = (
				A9568FB924BACC4F00904A89 /* Debug */,
				A9568FBA24BACC4F00904A89 /* Release */,
			);
			defaultConfigurationIsVisible = 0;
			defaultConfigurationName = Release;
		};
/* End XCConfigurationList section */
	};
	rootObject = A9568F9C24BACC4D00904A89 /* Project object */;
}
